// !$*UTF8*$!
{
	archiveVersion = 1;
	classes = {
	};
	objectVersion = 55;
	objects = {

/* Begin PBXBuildFile section */
		9746C13228D6C66800C60EC8 /* AppDelegate.swift in Sources */ = {isa = PBXBuildFile; fileRef = 9746C13128D6C66800C60EC8 /* AppDelegate.swift */; };
		9746C13428D6C66800C60EC8 /* SceneDelegate.swift in Sources */ = {isa = PBXBuildFile; fileRef = 9746C13328D6C66800C60EC8 /* SceneDelegate.swift */; };
		9746C13628D6C66800C60EC8 /* ViewController.swift in Sources */ = {isa = PBXBuildFile; fileRef = 9746C13528D6C66800C60EC8 /* ViewController.swift */; };
		9746C13928D6C66800C60EC8 /* Main.storyboard in Resources */ = {isa = PBXBuildFile; fileRef = 9746C13728D6C66800C60EC8 /* Main.storyboard */; };
		9746C13B28D6C66B00C60EC8 /* Assets.xcassets in Resources */ = {isa = PBXBuildFile; fileRef = 9746C13A28D6C66B00C60EC8 /* Assets.xcassets */; };
		9746C13E28D6C66B00C60EC8 /* LaunchScreen.storyboard in Resources */ = {isa = PBXBuildFile; fileRef = 9746C13C28D6C66B00C60EC8 /* LaunchScreen.storyboard */; };
		9746C14628D6C74400C60EC8 /* Country.swift in Sources */ = {isa = PBXBuildFile; fileRef = 9746C14528D6C74400C60EC8 /* Country.swift */; };
		9746C14828D6C8D500C60EC8 /* DetailTableViewController.swift in Sources */ = {isa = PBXBuildFile; fileRef = 9746C14728D6C8D500C60EC8 /* DetailTableViewController.swift */; };
		974F60A628D79DAE00D36621 /* countries.json in Resources */ = {isa = PBXBuildFile; fileRef = 974F60A528D79DAE00D36621 /* countries.json */; };
		974F60A828D7C9B100D36621 /* MySection.swift in Sources */ = {isa = PBXBuildFile; fileRef = 974F60A728D7C9B100D36621 /* MySection.swift */; };
/* End PBXBuildFile section */

/* Begin PBXFileReference section */
		9746C12E28D6C66800C60EC8 /* Challenge5.app */ = {isa = PBXFileReference; explicitFileType = wrapper.application; includeInIndex = 0; path = Challenge5.app; sourceTree = BUILT_PRODUCTS_DIR; };
		9746C13128D6C66800C60EC8 /* AppDelegate.swift */ = {isa = PBXFileReference; lastKnownFileType = sourcecode.swift; path = AppDelegate.swift; sourceTree = "<group>"; };
		9746C13328D6C66800C60EC8 /* SceneDelegate.swift */ = {isa = PBXFileReference; lastKnownFileType = sourcecode.swift; path = SceneDelegate.swift; sourceTree = "<group>"; };
		9746C13528D6C66800C60EC8 /* ViewController.swift */ = {isa = PBXFileReference; lastKnownFileType = sourcecode.swift; path = ViewController.swift; sourceTree = "<group>"; };
		9746C13828D6C66800C60EC8 /* Base */ = {isa = PBXFileReference; lastKnownFileType = file.storyboard; name = Base; path = Base.lproj/Main.storyboard; sourceTree = "<group>"; };
		9746C13A28D6C66B00C60EC8 /* Assets.xcassets */ = {isa = PBXFileReference; lastKnownFileType = folder.assetcatalog; path = Assets.xcassets; sourceTree = "<group>"; };
		9746C13D28D6C66B00C60EC8 /* Base */ = {isa = PBXFileReference; lastKnownFileType = file.storyboard; name = Base; path = Base.lproj/LaunchScreen.storyboard; sourceTree = "<group>"; };
		9746C13F28D6C66B00C60EC8 /* Info.plist */ = {isa = PBXFileReference; lastKnownFileType = text.plist.xml; path = Info.plist; sourceTree = "<group>"; };
		9746C14528D6C74400C60EC8 /* Country.swift */ = {isa = PBXFileReference; lastKnownFileType = sourcecode.swift; path = Country.swift; sourceTree = "<group>"; };
		9746C14728D6C8D500C60EC8 /* DetailTableViewController.swift */ = {isa = PBXFileReference; lastKnownFileType = sourcecode.swift; path = DetailTableViewController.swift; sourceTree = "<group>"; };
		974F60A528D79DAE00D36621 /* countries.json */ = {isa = PBXFileReference; fileEncoding = 4; lastKnownFileType = text.json; path = countries.json; sourceTree = "<group>"; };
		974F60A728D7C9B100D36621 /* MySection.swift */ = {isa = PBXFileReference; lastKnownFileType = sourcecode.swift; path = MySection.swift; sourceTree = "<group>"; };
/* End PBXFileReference section */

/* Begin PBXFrameworksBuildPhase section */
		9746C12B28D6C66800C60EC8 /* Frameworks */ = {
			isa = PBXFrameworksBuildPhase;
			buildActionMask = 2147483647;
			files = (
			);
			runOnlyForDeploymentPostprocessing = 0;
		};
/* End PBXFrameworksBuildPhase section */

/* Begin PBXGroup section */
		9746C12528D6C66800C60EC8 = {
			isa = PBXGroup;
			children = (
				9746C13028D6C66800C60EC8 /* Challenge5 */,
				9746C12F28D6C66800C60EC8 /* Products */,
			);
			sourceTree = "<group>";
		};
		9746C12F28D6C66800C60EC8 /* Products */ = {
			isa = PBXGroup;
			children = (
				9746C12E28D6C66800C60EC8 /* Challenge5.app */,
			);
			name = Products;
			sourceTree = "<group>";
		};
		9746C13028D6C66800C60EC8 /* Challenge5 */ = {
			isa = PBXGroup;
			children = (
				9746C13128D6C66800C60EC8 /* AppDelegate.swift */,
				9746C13328D6C66800C60EC8 /* SceneDelegate.swift */,
				9746C13528D6C66800C60EC8 /* ViewController.swift */,
				9746C13728D6C66800C60EC8 /* Main.storyboard */,
				9746C14728D6C8D500C60EC8 /* DetailTableViewController.swift */,
				974F60A728D7C9B100D36621 /* MySection.swift */,
				9746C14528D6C74400C60EC8 /* Country.swift */,
				974F60A528D79DAE00D36621 /* countries.json */,
				9746C13A28D6C66B00C60EC8 /* Assets.xcassets */,
				9746C13C28D6C66B00C60EC8 /* LaunchScreen.storyboard */,
				9746C13F28D6C66B00C60EC8 /* Info.plist */,
			);
			path = Challenge5;
			sourceTree = "<group>";
		};
/* End PBXGroup section */

/* Begin PBXNativeTarget section */
		9746C12D28D6C66800C60EC8 /* Challenge5 */ = {
			isa = PBXNativeTarget;
			buildConfigurationList = 9746C14228D6C66B00C60EC8 /* Build configuration list for PBXNativeTarget "Challenge5" */;
			buildPhases = (
				9746C12A28D6C66800C60EC8 /* Sources */,
				9746C12B28D6C66800C60EC8 /* Frameworks */,
				9746C12C28D6C66800C60EC8 /* Resources */,
			);
			buildRules = (
			);
			dependencies = (
			);
			name = Challenge5;
			productName = Challenge5;
			productReference = 9746C12E28D6C66800C60EC8 /* Challenge5.app */;
			productType = "com.apple.product-type.application";
		};
/* End PBXNativeTarget section */

/* Begin PBXProject section */
		9746C12628D6C66800C60EC8 /* Project object */ = {
			isa = PBXProject;
			attributes = {
				BuildIndependentTargetsInParallel = 1;
				LastSwiftUpdateCheck = 1340;
				LastUpgradeCheck = 1340;
				TargetAttributes = {
					9746C12D28D6C66800C60EC8 = {
						CreatedOnToolsVersion = 13.4.1;
					};
				};
			};
			buildConfigurationList = 9746C12928D6C66800C60EC8 /* Build configuration list for PBXProject "Challenge5" */;
			compatibilityVersion = "Xcode 13.0";
			developmentRegion = en;
			hasScannedForEncodings = 0;
			knownRegions = (
				en,
				Base,
			);
			mainGroup = 9746C12528D6C66800C60EC8;
			productRefGroup = 9746C12F28D6C66800C60EC8 /* Products */;
			projectDirPath = "";
			projectRoot = "";
			targets = (
				9746C12D28D6C66800C60EC8 /* Challenge5 */,
			);
		};
/* End PBXProject section */

/* Begin PBXResourcesBuildPhase section */
		9746C12C28D6C66800C60EC8 /* Resources */ = {
			isa = PBXResourcesBuildPhase;
			buildActionMask = 2147483647;
			files = (
				9746C13E28D6C66B00C60EC8 /* LaunchScreen.storyboard in Resources */,
				9746C13B28D6C66B00C60EC8 /* Assets.xcassets in Resources */,
				974F60A628D79DAE00D36621 /* countries.json in Resources */,
				9746C13928D6C66800C60EC8 /* Main.storyboard in Resources */,
			);
			runOnlyForDeploymentPostprocessing = 0;
		};
/* End PBXResourcesBuildPhase section */

/* Begin PBXSourcesBuildPhase section */
		9746C12A28D6C66800C60EC8 /* Sources */ = {
			isa = PBXSourcesBuildPhase;
			buildActionMask = 2147483647;
			files = (
				9746C14628D6C74400C60EC8 /* Country.swift in Sources */,
				974F60A828D7C9B100D36621 /* MySection.swift in Sources */,
				9746C14828D6C8D500C60EC8 /* DetailTableViewController.swift in Sources */,
				9746C13628D6C66800C60EC8 /* ViewController.swift in Sources */,
				9746C13228D6C66800C60EC8 /* AppDelegate.swift in Sources */,
				9746C13428D6C66800C60EC8 /* SceneDelegate.swift in Sources */,
			);
			runOnlyForDeploymentPostprocessing = 0;
		};
/* End PBXSourcesBuildPhase section */

/* Begin PBXVariantGroup section */
		9746C13728D6C66800C60EC8 /* Main.storyboard */ = {
			isa = PBXVariantGroup;
			children = (
				9746C13828D6C66800C60EC8 /* Base */,
			);
			name = Main.storyboard;
			sourceTree = "<group>";
		};
		9746C13C28D6C66B00C60EC8 /* LaunchScreen.storyboard */ = {
			isa = PBXVariantGroup;
			children = (
				9746C13D28D6C66B00C60EC8 /* Base */,
			);
			name = LaunchScreen.storyboard;
			sourceTree = "<group>";
		};
/* End PBXVariantGroup section */

/* Begin XCBuildConfiguration section */
		9746C14028D6C66B00C60EC8 /* Debug */ = {
			isa = XCBuildConfiguration;
			buildSettings = {
				ALWAYS_SEARCH_USER_PATHS = NO;
				CLANG_ANALYZER_NONNULL = YES;
				CLANG_ANALYZER_NUMBER_OBJECT_CONVERSION = YES_AGGRESSIVE;
				CLANG_CXX_LANGUAGE_STANDARD = "gnu++17";
				CLANG_ENABLE_MODULES = YES;
				CLANG_ENABLE_OBJC_ARC = YES;
				CLANG_ENABLE_OBJC_WEAK = YES;
				CLANG_WARN_BLOCK_CAPTURE_AUTORELEASING = YES;
				CLANG_WARN_BOOL_CONVERSION = YES;
				CLANG_WARN_COMMA = YES;
				CLANG_WARN_CONSTANT_CONVERSION = YES;
				CLANG_WARN_DEPRECATED_OBJC_IMPLEMENTATIONS = YES;
				CLANG_WARN_DIRECT_OBJC_ISA_USAGE = YES_ERROR;
				CLANG_WARN_DOCUMENTATION_COMMENTS = YES;
				CLANG_WARN_EMPTY_BODY = YES;
				CLANG_WARN_ENUM_CONVERSION = YES;
				CLANG_WARN_INFINITE_RECURSION = YES;
				CLANG_WARN_INT_CONVERSION = YES;
				CLANG_WARN_NON_LITERAL_NULL_CONVERSION = YES;
				CLANG_WARN_OBJC_IMPLICIT_RETAIN_SELF = YES;
				CLANG_WARN_OBJC_LITERAL_CONVERSION = YES;
				CLANG_WARN_OBJC_ROOT_CLASS = YES_ERROR;
				CLANG_WARN_QUOTED_INCLUDE_IN_FRAMEWORK_HEADER = YES;
				CLANG_WARN_RANGE_LOOP_ANALYSIS = YES;
				CLANG_WARN_STRICT_PROTOTYPES = YES;
				CLANG_WARN_SUSPICIOUS_MOVE = YES;
				CLANG_WARN_UNGUARDED_AVAILABILITY = YES_AGGRESSIVE;
				CLANG_WARN_UNREACHABLE_CODE = YES;
				CLANG_WARN__DUPLICATE_METHOD_MATCH = YES;
				COPY_PHASE_STRIP = NO;
				DEBUG_INFORMATION_FORMAT = dwarf;
				ENABLE_STRICT_OBJC_MSGSEND = YES;
				ENABLE_TESTABILITY = YES;
				GCC_C_LANGUAGE_STANDARD = gnu11;
				GCC_DYNAMIC_NO_PIC = NO;
				GCC_NO_COMMON_BLOCKS = YES;
				GCC_OPTIMIZATION_LEVEL = 0;
				GCC_PREPROCESSOR_DEFINITIONS = (
					"DEBUG=1",
					"$(inherited)",
				);
				GCC_WARN_64_TO_32_BIT_CONVERSION = YES;
				GCC_WARN_ABOUT_RETURN_TYPE = YES_ERROR;
				GCC_WARN_UNDECLARED_SELECTOR = YES;
				GCC_WARN_UNINITIALIZED_AUTOS = YES_AGGRESSIVE;
				GCC_WARN_UNUSED_FUNCTION = YES;
				GCC_WARN_UNUSED_VARIABLE = YES;
				IPHONEOS_DEPLOYMENT_TARGET = 15.5;
				MTL_ENABLE_DEBUG_INFO = INCLUDE_SOURCE;
				MTL_FAST_MATH = YES;
				ONLY_ACTIVE_ARCH = YES;
				SDKROOT = iphoneos;
				SWIFT_ACTIVE_COMPILATION_CONDITIONS = DEBUG;
				SWIFT_OPTIMIZATION_LEVEL = "-Onone";
			};
			name = Debug;
		};
		9746C14128D6C66B00C60EC8 /* Release */ = {
			isa = XCBuildConfiguration;
			buildSettings = {
				ALWAYS_SEARCH_USER_PATHS = NO;
				CLANG_ANALYZER_NONNULL = YES;
				CLANG_ANALYZER_NUMBER_OBJECT_CONVERSION = YES_AGGRESSIVE;
				CLANG_CXX_LANGUAGE_STANDARD = "gnu++17";
				CLANG_ENABLE_MODULES = YES;
				CLANG_ENABLE_OBJC_ARC = YES;
				CLANG_ENABLE_OBJC_WEAK = YES;
				CLANG_WARN_BLOCK_CAPTURE_AUTORELEASING = YES;
				CLANG_WARN_BOOL_CONVERSION = YES;
				CLANG_WARN_COMMA = YES;
				CLANG_WARN_CONSTANT_CONVERSION = YES;
				CLANG_WARN_DEPRECATED_OBJC_IMPLEMENTATIONS = YES;
				CLANG_WARN_DIRECT_OBJC_ISA_USAGE = YES_ERROR;
				CLANG_WARN_DOCUMENTATION_COMMENTS = YES;
				CLANG_WARN_EMPTY_BODY = YES;
				CLANG_WARN_ENUM_CONVERSION = YES;
				CLANG_WARN_INFINITE_RECURSION = YES;
				CLANG_WARN_INT_CONVERSION = YES;
				CLANG_WARN_NON_LITERAL_NULL_CONVERSION = YES;
				CLANG_WARN_OBJC_IMPLICIT_RETAIN_SELF = YES;
				CLANG_WARN_OBJC_LITERAL_CONVERSION = YES;
				CLANG_WARN_OBJC_ROOT_CLASS = YES_ERROR;
				CLANG_WARN_QUOTED_INCLUDE_IN_FRAMEWORK_HEADER = YES;
				CLANG_WARN_RANGE_LOOP_ANALYSIS = YES;
				CLANG_WARN_STRICT_PROTOTYPES = YES;
				CLANG_WARN_SUSPICIOUS_MOVE = YES;
				CLANG_WARN_UNGUARDED_AVAILABILITY = YES_AGGRESSIVE;
				CLANG_WARN_UNREACHABLE_CODE = YES;
				CLANG_WARN__DUPLICATE_METHOD_MATCH = YES;
				COPY_PHASE_STRIP = NO;
				DEBUG_INFORMATION_FORMAT = "dwarf-with-dsym";
				ENABLE_NS_ASSERTIONS = NO;
				ENABLE_STRICT_OBJC_MSGSEND = YES;
				GCC_C_LANGUAGE_STANDARD = gnu11;
				GCC_NO_COMMON_BLOCKS = YES;
				GCC_WARN_64_TO_32_BIT_CONVERSION = YES;
				GCC_WARN_ABOUT_RETURN_TYPE = YES_ERROR;
				GCC_WARN_UNDECLARED_SELECTOR = YES;
				GCC_WARN_UNINITIALIZED_AUTOS = YES_AGGRESSIVE;
				GCC_WARN_UNUSED_FUNCTION = YES;
				GCC_WARN_UNUSED_VARIABLE = YES;
				IPHONEOS_DEPLOYMENT_TARGET = 15.5;
				MTL_ENABLE_DEBUG_INFO = NO;
				MTL_FAST_MATH = YES;
				SDKROOT = iphoneos;
				SWIFT_COMPILATION_MODE = wholemodule;
				SWIFT_OPTIMIZATION_LEVEL = "-O";
				VALIDATE_PRODUCT = YES;
			};
			name = Release;
		};
		9746C14328D6C66B00C60EC8 /* Debug */ = {
			isa = XCBuildConfiguration;
			buildSettings = {
				ASSETCATALOG_COMPILER_APPICON_NAME = AppIcon;
				ASSETCATALOG_COMPILER_GLOBAL_ACCENT_COLOR_NAME = AccentColor;
				CODE_SIGN_STYLE = Automatic;
				CURRENT_PROJECT_VERSION = 1;
				DEVELOPMENT_TEAM = 5H48BX5PSY;
				GENERATE_INFOPLIST_FILE = YES;
				INFOPLIST_FILE = Challenge5/Info.plist;
				INFOPLIST_KEY_UIApplicationSupportsIndirectInputEvents = YES;
				INFOPLIST_KEY_UILaunchStoryboardName = LaunchScreen;
				INFOPLIST_KEY_UIMainStoryboardFile = Main;
				INFOPLIST_KEY_UISupportedInterfaceOrientations_iPad = "UIInterfaceOrientationPortrait UIInterfaceOrientationPortraitUpsideDown UIInterfaceOrientationLandscapeLeft UIInterfaceOrientationLandscapeRight";
				INFOPLIST_KEY_UISupportedInterfaceOrientations_iPhone = "UIInterfaceOrientationPortrait UIInterfaceOrientationLandscapeLeft UIInterfaceOrientationLandscapeRight";
				LD_RUNPATH_SEARCH_PATHS = (
					"$(inherited)",
					"@executable_path/Frameworks",
				);
				MARKETING_VERSION = 1.0;
				PRODUCT_BUNDLE_IDENTIFIER = me.Salah.Azoz.Challenge5;
				PRODUCT_NAME = "$(TARGET_NAME)";
				SWIFT_EMIT_LOC_STRINGS = YES;
				SWIFT_VERSION = 5.0;
				TARGETED_DEVICE_FAMILY = "1,2";
			};
			name = Debug;
		};
		9746C14428D6C66B00C60EC8 /* Release */ = {
			isa = XCBuildConfiguration;
			buildSettings = {
				ASSETCATALOG_COMPILER_APPICON_NAME = AppIcon;
				ASSETCATALOG_COMPILER_GLOBAL_ACCENT_COLOR_NAME = AccentColor;
				CODE_SIGN_STYLE = Automatic;
				CURRENT_PROJECT_VERSION = 1;
				DEVELOPMENT_TEAM = 5H48BX5PSY;
				GENERATE_INFOPLIST_FILE = YES;
				INFOPLIST_FILE = Challenge5/Info.plist;
				INFOPLIST_KEY_UIApplicationSupportsIndirectInputEvents = YES;
				INFOPLIST_KEY_UILaunchStoryboardName = LaunchScreen;
				INFOPLIST_KEY_UIMainStoryboardFile = Main;
				INFOPLIST_KEY_UISupportedInterfaceOrientations_iPad = "UIInterfaceOrientationPortrait UIInterfaceOrientationPortraitUpsideDown UIInterfaceOrientationLandscapeLeft UIInterfaceOrientationLandscapeRight";
				INFOPLIST_KEY_UISupportedInterfaceOrientations_iPhone = "UIInterfaceOrientationPortrait UIInterfaceOrientationLandscapeLeft UIInterfaceOrientationLandscapeRight";
				LD_RUNPATH_SEARCH_PATHS = (
					"$(inherited)",
					"@executable_path/Frameworks",
				);
				MARKETING_VERSION = 1.0;
				PRODUCT_BUNDLE_IDENTIFIER = me.Salah.Azoz.Challenge5;
				PRODUCT_NAME = "$(TARGET_NAME)";
				SWIFT_EMIT_LOC_STRINGS = YES;
				SWIFT_VERSION = 5.0;
				TARGETED_DEVICE_FAMILY = "1,2";
			};
			name = Release;
		};
/* End XCBuildConfiguration section */

/* Begin XCConfigurationList section */
		9746C12928D6C66800C60EC8 /* Build configuration list for PBXProject "Challenge5" */ = {
			isa = XCConfigurationList;
			buildConfigurations = (
				9746C14028D6C66B00C60EC8 /* Debug */,
				9746C14128D6C66B00C60EC8 /* Release */,
			);
			defaultConfigurationIsVisible = 0;
			defaultConfigurationName = Release;
		};
		9746C14228D6C66B00C60EC8 /* Build configuration list for PBXNativeTarget "Challenge5" */ = {
			isa = XCConfigurationList;
			buildConfigurations = (
				9746C14328D6C66B00C60EC8 /* Debug */,
				9746C14428D6C66B00C60EC8 /* Release */,
			);
			defaultConfigurationIsVisible = 0;
			defaultConfigurationName = Release;
		};
/* End XCConfigurationList section */
	};
	rootObject = 9746C12628D6C66800C60EC8 /* Project object */;
}
